
Microsoft Visual Studio Solution File, Format Version 12.00
# Visual Studio Version 17
VisualStudioVersion = 17.8.34309.116
MinimumVisualStudioVersion = 10.0.40219.1
Project("{FAE04EC0-301F-11D3-BF4B-00C04F79EFBC}") = "ComedyEvents", "ComedyEvents\ComedyEvents.csproj", "{C6AC2802-B34D-40D1-ADD6-813D4867AEA9}"
EndProject
Global
	GlobalSection(SolutionConfigurationPlatforms) = preSolution
		Debug|Any CPU = Debug|Any CPU
		Release|Any CPU = Release|Any CPU
	EndGlobalSection
	GlobalSection(ProjectConfigurationPlatforms) = postSolution
		{C6AC2802-B34D-40D1-ADD6-813D4867AEA9}.Debug|Any CPU.ActiveCfg = Debug|Any CPU
		{C6AC2802-B34D-40D1-ADD6-813D4867AEA9}.Debug|Any CPU.Build.0 = Debug|Any CPU
		{C6AC2802-B34D-40D1-ADD6-813D4867AEA9}.Release|Any CPU.ActiveCfg = Release|Any CPU
		{C6AC2802-B34D-40D1-ADD6-813D4867AEA9}.Release|Any CPU.Build.0 = Release|Any CPU
	EndGlobalSection
	GlobalSection(SolutionProperties) = preSolution
		HideSolutionNode = FALSE
	EndGlobalSection
	GlobalSection(ExtensibilityGlobals) = postSolution
		SolutionGuid = {11BD0EB2-FED7-4E6D-ABCA-77AE08F6B346}
	EndGlobalSection
EndGlobal
